
Microsoft Visual Studio Solution File, Format Version 12.00
# Visual Studio Version 17
VisualStudioVersion = 17.1.32421.90
MinimumVisualStudioVersion = 10.0.40219.1
Project("{9A19103F-16F7-4668-BE54-9A1E7A4F7556}") = "SportsComplex", "src\SportsComplex\SportsComplex.csproj", "{4C94D0F3-CA8E-4888-B733-6F1E9D36E099}"
EndProject
Project("{9A19103F-16F7-4668-BE54-9A1E7A4F7556}") = "SportsComplex.Repository.Interfaces", "src\SportsComplex.Repository.Interfaces\SportsComplex.Repository.Interfaces.csproj", "{9F782DB4-EF64-4C45-831F-441A5B435D10}"
EndProject
Project("{9A19103F-16F7-4668-BE54-9A1E7A4F7556}") = "SportsComplex.Repository", "src\SportsComplex.Repository\SportsComplex.Repository.csproj", "{CCC8ACE4-E7B9-42F3-8E4B-B72C850A2878}"
EndProject
Project("{9A19103F-16F7-4668-BE54-9A1E7A4F7556}") = "SportsComplex.Services.Interfaces", "src\SportsComplex.Services.Interfaces\SportsComplex.Services.Interfaces.csproj", "{88AAD10A-E382-4A28-A1C4-90BCD33F15D9}"
EndProject
Project("{9A19103F-16F7-4668-BE54-9A1E7A4F7556}") = "SportsComplex.Services", "src\SportsComplexServices\SportsComplex.Services.csproj", "{ACADB912-5A84-4432-A7D8-254DA7CFD029}"
EndProject
Global
	GlobalSection(SolutionConfigurationPlatforms) = preSolution
		Debug|Any CPU = Debug|Any CPU
		Release|Any CPU = Release|Any CPU
	EndGlobalSection
	GlobalSection(ProjectConfigurationPlatforms) = postSolution
		{4C94D0F3-CA8E-4888-B733-6F1E9D36E099}.Debug|Any CPU.ActiveCfg = Debug|Any CPU
		{4C94D0F3-CA8E-4888-B733-6F1E9D36E099}.Debug|Any CPU.Build.0 = Debug|Any CPU
		{4C94D0F3-CA8E-4888-B733-6F1E9D36E099}.Release|Any CPU.ActiveCfg = Release|Any CPU
		{4C94D0F3-CA8E-4888-B733-6F1E9D36E099}.Release|Any CPU.Build.0 = Release|Any CPU
		{9F782DB4-EF64-4C45-831F-441A5B435D10}.Debug|Any CPU.ActiveCfg = Debug|Any CPU
		{9F782DB4-EF64-4C45-831F-441A5B435D10}.Debug|Any CPU.Build.0 = Debug|Any CPU
		{9F782DB4-EF64-4C45-831F-441A5B435D10}.Release|Any CPU.ActiveCfg = Release|Any CPU
		{9F782DB4-EF64-4C45-831F-441A5B435D10}.Release|Any CPU.Build.0 = Release|Any CPU
		{CCC8ACE4-E7B9-42F3-8E4B-B72C850A2878}.Debug|Any CPU.ActiveCfg = Debug|Any CPU
		{CCC8ACE4-E7B9-42F3-8E4B-B72C850A2878}.Debug|Any CPU.Build.0 = Debug|Any CPU
		{CCC8ACE4-E7B9-42F3-8E4B-B72C850A2878}.Release|Any CPU.ActiveCfg = Release|Any CPU
		{CCC8ACE4-E7B9-42F3-8E4B-B72C850A2878}.Release|Any CPU.Build.0 = Release|Any CPU
		{88AAD10A-E382-4A28-A1C4-90BCD33F15D9}.Debug|Any CPU.ActiveCfg = Debug|Any CPU
		{88AAD10A-E382-4A28-A1C4-90BCD33F15D9}.Debug|Any CPU.Build.0 = Debug|Any CPU
		{88AAD10A-E382-4A28-A1C4-90BCD33F15D9}.Release|Any CPU.ActiveCfg = Release|Any CPU
		{88AAD10A-E382-4A28-A1C4-90BCD33F15D9}.Release|Any CPU.Build.0 = Release|Any CPU
		{ACADB912-5A84-4432-A7D8-254DA7CFD029}.Debug|Any CPU.ActiveCfg = Debug|Any CPU
		{ACADB912-5A84-4432-A7D8-254DA7CFD029}.Debug|Any CPU.Build.0 = Debug|Any CPU
		{ACADB912-5A84-4432-A7D8-254DA7CFD029}.Release|Any CPU.ActiveCfg = Release|Any CPU
		{ACADB912-5A84-4432-A7D8-254DA7CFD029}.Release|Any CPU.Build.0 = Release|Any CPU
	EndGlobalSection
	GlobalSection(SolutionProperties) = preSolution
		HideSolutionNode = FALSE
	EndGlobalSection
	GlobalSection(ExtensibilityGlobals) = postSolution
		SolutionGuid = {27BCC271-348C-4F5D-A4A3-A093FCC61B16}
	EndGlobalSection
EndGlobal
